
Microsoft Visual Studio Solution File, Format Version 12.00
# Visual Studio Version 16
VisualStudioVersion = 16.0.30114.105
MinimumVisualStudioVersion = 10.0.40219.1
Project("{FAE04EC0-301F-11D3-BF4B-00C04F79EFBC}") = "GHR.Application", "GHR.Application\GHR.Application.csproj", "{8AFF5DD5-1C38-4ED5-8BB4-2593BA882765}"
EndProject
Project("{FAE04EC0-301F-11D3-BF4B-00C04F79EFBC}") = "GHR.Domain", "GHR.Domain\GHR.Domain.csproj", "{BF7144C5-FAE5-49E7-990A-452108792E7A}"
EndProject
Project("{FAE04EC0-301F-11D3-BF4B-00C04F79EFBC}") = "GHR.API", "GHR.Api\GHR.API.csproj", "{0AD16B72-6C2E-4B69-A22B-D4F2AED9D8C9}"
EndProject
Project("{FAE04EC0-301F-11D3-BF4B-00C04F79EFBC}") = "GHR.Persistence", "GHR.Persistence\GHR.Persistence.csproj", "{784810E0-ACC8-44DF-814D-0FF26DD5A05A}"
EndProject
Global
	GlobalSection(SolutionConfigurationPlatforms) = preSolution
		Debug|Any CPU = Debug|Any CPU
		Debug|x64 = Debug|x64
		Debug|x86 = Debug|x86
		Release|Any CPU = Release|Any CPU
		Release|x64 = Release|x64
		Release|x86 = Release|x86
	EndGlobalSection
	GlobalSection(SolutionProperties) = preSolution
		HideSolutionNode = FALSE
	EndGlobalSection
	GlobalSection(ProjectConfigurationPlatforms) = postSolution
		{8AFF5DD5-1C38-4ED5-8BB4-2593BA882765}.Debug|Any CPU.ActiveCfg = Debug|Any CPU
		{8AFF5DD5-1C38-4ED5-8BB4-2593BA882765}.Debug|Any CPU.Build.0 = Debug|Any CPU
		{8AFF5DD5-1C38-4ED5-8BB4-2593BA882765}.Debug|x64.ActiveCfg = Debug|Any CPU
		{8AFF5DD5-1C38-4ED5-8BB4-2593BA882765}.Debug|x64.Build.0 = Debug|Any CPU
		{8AFF5DD5-1C38-4ED5-8BB4-2593BA882765}.Debug|x86.ActiveCfg = Debug|Any CPU
		{8AFF5DD5-1C38-4ED5-8BB4-2593BA882765}.Debug|x86.Build.0 = Debug|Any CPU
		{8AFF5DD5-1C38-4ED5-8BB4-2593BA882765}.Release|Any CPU.ActiveCfg = Release|Any CPU
		{8AFF5DD5-1C38-4ED5-8BB4-2593BA882765}.Release|Any CPU.Build.0 = Release|Any CPU
		{8AFF5DD5-1C38-4ED5-8BB4-2593BA882765}.Release|x64.ActiveCfg = Release|Any CPU
		{8AFF5DD5-1C38-4ED5-8BB4-2593BA882765}.Release|x64.Build.0 = Release|Any CPU
		{8AFF5DD5-1C38-4ED5-8BB4-2593BA882765}.Release|x86.ActiveCfg = Release|Any CPU
		{8AFF5DD5-1C38-4ED5-8BB4-2593BA882765}.Release|x86.Build.0 = Release|Any CPU
		{BF7144C5-FAE5-49E7-990A-452108792E7A}.Debug|Any CPU.ActiveCfg = Debug|Any CPU
		{BF7144C5-FAE5-49E7-990A-452108792E7A}.Debug|Any CPU.Build.0 = Debug|Any CPU
		{BF7144C5-FAE5-49E7-990A-452108792E7A}.Debug|x64.ActiveCfg = Debug|Any CPU
		{BF7144C5-FAE5-49E7-990A-452108792E7A}.Debug|x64.Build.0 = Debug|Any CPU
		{BF7144C5-FAE5-49E7-990A-452108792E7A}.Debug|x86.ActiveCfg = Debug|Any CPU
		{BF7144C5-FAE5-49E7-990A-452108792E7A}.Debug|x86.Build.0 = Debug|Any CPU
		{BF7144C5-FAE5-49E7-990A-452108792E7A}.Release|Any CPU.ActiveCfg = Release|Any CPU
		{BF7144C5-FAE5-49E7-990A-452108792E7A}.Release|Any CPU.Build.0 = Release|Any CPU
		{BF7144C5-FAE5-49E7-990A-452108792E7A}.Release|x64.ActiveCfg = Release|Any CPU
		{BF7144C5-FAE5-49E7-990A-452108792E7A}.Release|x64.Build.0 = Release|Any CPU
		{BF7144C5-FAE5-49E7-990A-452108792E7A}.Release|x86.ActiveCfg = Release|Any CPU
		{BF7144C5-FAE5-49E7-990A-452108792E7A}.Release|x86.Build.0 = Release|Any CPU
		{0AD16B72-6C2E-4B69-A22B-D4F2AED9D8C9}.Debug|Any CPU.ActiveCfg = Debug|Any CPU
		{0AD16B72-6C2E-4B69-A22B-D4F2AED9D8C9}.Debug|Any CPU.Build.0 = Debug|Any CPU
		{0AD16B72-6C2E-4B69-A22B-D4F2AED9D8C9}.Debug|x64.ActiveCfg = Debug|Any CPU
		{0AD16B72-6C2E-4B69-A22B-D4F2AED9D8C9}.Debug|x64.Build.0 = Debug|Any CPU
		{0AD16B72-6C2E-4B69-A22B-D4F2AED9D8C9}.Debug|x86.ActiveCfg = Debug|Any CPU
		{0AD16B72-6C2E-4B69-A22B-D4F2AED9D8C9}.Debug|x86.Build.0 = Debug|Any CPU
		{0AD16B72-6C2E-4B69-A22B-D4F2AED9D8C9}.Release|Any CPU.ActiveCfg = Release|Any CPU
		{0AD16B72-6C2E-4B69-A22B-D4F2AED9D8C9}.Release|Any CPU.Build.0 = Release|Any CPU
		{0AD16B72-6C2E-4B69-A22B-D4F2AED9D8C9}.Release|x64.ActiveCfg = Release|Any CPU
		{0AD16B72-6C2E-4B69-A22B-D4F2AED9D8C9}.Release|x64.Build.0 = Release|Any CPU
		{0AD16B72-6C2E-4B69-A22B-D4F2AED9D8C9}.Release|x86.ActiveCfg = Release|Any CPU
		{0AD16B72-6C2E-4B69-A22B-D4F2AED9D8C9}.Release|x86.Build.0 = Release|Any CPU
		{784810E0-ACC8-44DF-814D-0FF26DD5A05A}.Debug|Any CPU.ActiveCfg = Debug|Any CPU
		{784810E0-ACC8-44DF-814D-0FF26DD5A05A}.Debug|Any CPU.Build.0 = Debug|Any CPU
		{784810E0-ACC8-44DF-814D-0FF26DD5A05A}.Debug|x64.ActiveCfg = Debug|Any CPU
		{784810E0-ACC8-44DF-814D-0FF26DD5A05A}.Debug|x64.Build.0 = Debug|Any CPU
		{784810E0-ACC8-44DF-814D-0FF26DD5A05A}.Debug|x86.ActiveCfg = Debug|Any CPU
		{784810E0-ACC8-44DF-814D-0FF26DD5A05A}.Debug|x86.Build.0 = Debug|Any CPU
		{784810E0-ACC8-44DF-814D-0FF26DD5A05A}.Release|Any CPU.ActiveCfg = Release|Any CPU
		{784810E0-ACC8-44DF-814D-0FF26DD5A05A}.Release|Any CPU.Build.0 = Release|Any CPU
		{784810E0-ACC8-44DF-814D-0FF26DD5A05A}.Release|x64.ActiveCfg = Release|Any CPU
		{784810E0-ACC8-44DF-814D-0FF26DD5A05A}.Release|x64.Build.0 = Release|Any CPU
		{784810E0-ACC8-44DF-814D-0FF26DD5A05A}.Release|x86.ActiveCfg = Release|Any CPU
		{784810E0-ACC8-44DF-814D-0FF26DD5A05A}.Release|x86.Build.0 = Release|Any CPU
	EndGlobalSection
EndGlobal
